{
  "name": "mosey-browser",
  "version": "1.0.4",
  "lockfileVersion": 3,
  "requires": true,
  "packages": {
    "": {
      "name": "mosey-browser",
      "version": "1.0.4",
      "cpu": [
        "arm64"
      ],
      "hasInstallScript": true,
      "license": "UNLICENSED",
      "os": [
        "darwin"
      ],
      "dependencies": {
        "commander": "^14.0.3",
        "mosey-browser": "^1.0.1",
        "patchright": "^1.52.0"
      },
      "bin": {
        "mosey": "bin/mosey"
      },
      "devDependencies": {
        "@types/bun": "^1.3.0",
        "@types/node": "^25.6.0",
        "typescript": "^5"
      }
    },
    "node_modules/@types/bun": {
      "version": "1.3.12",
      "dev": true,
      "license": "MIT",
      "dependencies": {
        "bun-types": "1.3.12"
      }
    },
    "node_modules/@types/node": {
      "version": "25.6.0",
      "dev": true,
      "license": "MIT",
      "dependencies": {
        "undici-types": "~7.19.0"
      }
    },
    "node_modules/bun-types": {
      "version": "1.3.12",
      "dev": true,
      "license": "MIT",
      "dependencies": {
        "@types/node": "*"
      }
    },
    "node_modules/commander": {
      "version": "14.0.3",
      "license": "MIT",
      "engines": {
        "node": ">=20"
      }
    },
    "node_modules/fsevents": {
      "version": "2.3.2",
      "license": "MIT",
      "optional": true,
      "os": [
        "darwin"
      ],
      "engines": {
        "node": "^8.16.0 || ^10.6.0 || >=11.0.0"
      }
    },
    "node_modules/mosey-browser": {
      "version": "1.0.1",
      "resolved": "https://registry.npmjs.org/mosey-browser/-/mosey-browser-1.0.1.tgz",
      "integrity": "sha512-imhZMwGCw78Y0cJg0YGoF1uXpfc2CYEYw4fSVXdiOTqwIMCijcsWK04oiCgcoW0jW63BXsWO1My2BdeQLOUpDw==",
      "cpu": [
        "arm64"
      ],
      "hasInstallScript": true,
      "license": "UNLICENSED",
      "os": [
        "darwin"
      ],
      "bin": {
        "mosey": "bin/mosey"
      }
    },
    "node_modules/patchright": {
      "version": "v1.59.4",
      "license": "Apache-2.0",
      "dependencies": {
        "patchright-core": "v1.59.4"
      },
      "bin": {
        "patchright": "cli.js"
      },
      "engines": {
        "node": ">=18"
      },
      "optionalDependencies": {
        "fsevents": "2.3.2"
      }
    },
    "node_modules/patchright-core": {
      "version": "v1.59.4",
      "license": "Apache-2.0",
      "bin": {
        "patchright-core": "cli.js"
      },
      "engines": {
        "node": ">=18"
      }
    },
    "node_modules/typescript": {
      "version": "5.9.3",
      "dev": true,
      "license": "Apache-2.0",
      "bin": {
        "tsc": "bin/tsc",
        "tsserver": "bin/tsserver"
      },
      "engines": {
        "node": ">=14.17"
      }
    },
    "node_modules/undici-types": {
      "version": "7.19.2",
      "dev": true,
      "license": "MIT"
    }
  }
}
